
Microsoft Visual Studio Solution File, Format Version 12.00
# Visual Studio 15
VisualStudioVersion = 15.0.26124.0
MinimumVisualStudioVersion = 15.0.26124.0
Project("{FAE04EC0-301F-11D3-BF4B-00C04F79EFBC}") = "Presentation", "1-Presentation\Presentation.csproj", "{4BED3F02-DB1B-4298-96FF-E4DF86931CC6}"
EndProject
Project("{FAE04EC0-301F-11D3-BF4B-00C04F79EFBC}") = "Application", "2-Application\Application.csproj", "{9E3DD7D1-1D04-4BE4-9907-10DC21B06917}"
EndProject
Project("{FAE04EC0-301F-11D3-BF4B-00C04F79EFBC}") = "Domain", "3-Domain\Domain.csproj", "{B6CD8F64-AF52-4C29-931A-FC7BB2323E7A}"
EndProject
Project("{FAE04EC0-301F-11D3-BF4B-00C04F79EFBC}") = "Infrastructure", "4-Infrastructure\Infrastructure.csproj", "{E996DDC3-F337-459F-AEBB-1A03391701C8}"
EndProject
Project("{FAE04EC0-301F-11D3-BF4B-00C04F79EFBC}") = "Tests", "Tests\Tests.csproj", "{3E470307-3509-4A4C-8C80-2D38CD7A16B9}"
EndProject
Global
	GlobalSection(SolutionConfigurationPlatforms) = preSolution
		Debug|Any CPU = Debug|Any CPU
		Debug|x64 = Debug|x64
		Debug|x86 = Debug|x86
		Release|Any CPU = Release|Any CPU
		Release|x64 = Release|x64
		Release|x86 = Release|x86
	EndGlobalSection
	GlobalSection(SolutionProperties) = preSolution
		HideSolutionNode = FALSE
	EndGlobalSection
	GlobalSection(ProjectConfigurationPlatforms) = postSolution
		{4BED3F02-DB1B-4298-96FF-E4DF86931CC6}.Debug|Any CPU.ActiveCfg = Debug|Any CPU
		{4BED3F02-DB1B-4298-96FF-E4DF86931CC6}.Debug|Any CPU.Build.0 = Debug|Any CPU
		{4BED3F02-DB1B-4298-96FF-E4DF86931CC6}.Debug|x64.ActiveCfg = Debug|Any CPU
		{4BED3F02-DB1B-4298-96FF-E4DF86931CC6}.Debug|x64.Build.0 = Debug|Any CPU
		{4BED3F02-DB1B-4298-96FF-E4DF86931CC6}.Debug|x86.ActiveCfg = Debug|Any CPU
		{4BED3F02-DB1B-4298-96FF-E4DF86931CC6}.Debug|x86.Build.0 = Debug|Any CPU
		{4BED3F02-DB1B-4298-96FF-E4DF86931CC6}.Release|Any CPU.ActiveCfg = Release|Any CPU
		{4BED3F02-DB1B-4298-96FF-E4DF86931CC6}.Release|Any CPU.Build.0 = Release|Any CPU
		{4BED3F02-DB1B-4298-96FF-E4DF86931CC6}.Release|x64.ActiveCfg = Release|Any CPU
		{4BED3F02-DB1B-4298-96FF-E4DF86931CC6}.Release|x64.Build.0 = Release|Any CPU
		{4BED3F02-DB1B-4298-96FF-E4DF86931CC6}.Release|x86.ActiveCfg = Release|Any CPU
		{4BED3F02-DB1B-4298-96FF-E4DF86931CC6}.Release|x86.Build.0 = Release|Any CPU
		{9E3DD7D1-1D04-4BE4-9907-10DC21B06917}.Debug|Any CPU.ActiveCfg = Debug|Any CPU
		{9E3DD7D1-1D04-4BE4-9907-10DC21B06917}.Debug|Any CPU.Build.0 = Debug|Any CPU
		{9E3DD7D1-1D04-4BE4-9907-10DC21B06917}.Debug|x64.ActiveCfg = Debug|Any CPU
		{9E3DD7D1-1D04-4BE4-9907-10DC21B06917}.Debug|x64.Build.0 = Debug|Any CPU
		{9E3DD7D1-1D04-4BE4-9907-10DC21B06917}.Debug|x86.ActiveCfg = Debug|Any CPU
		{9E3DD7D1-1D04-4BE4-9907-10DC21B06917}.Debug|x86.Build.0 = Debug|Any CPU
		{9E3DD7D1-1D04-4BE4-9907-10DC21B06917}.Release|Any CPU.ActiveCfg = Release|Any CPU
		{9E3DD7D1-1D04-4BE4-9907-10DC21B06917}.Release|Any CPU.Build.0 = Release|Any CPU
		{9E3DD7D1-1D04-4BE4-9907-10DC21B06917}.Release|x64.ActiveCfg = Release|Any CPU
		{9E3DD7D1-1D04-4BE4-9907-10DC21B06917}.Release|x64.Build.0 = Release|Any CPU
		{9E3DD7D1-1D04-4BE4-9907-10DC21B06917}.Release|x86.ActiveCfg = Release|Any CPU
		{9E3DD7D1-1D04-4BE4-9907-10DC21B06917}.Release|x86.Build.0 = Release|Any CPU
		{B6CD8F64-AF52-4C29-931A-FC7BB2323E7A}.Debug|Any CPU.ActiveCfg = Debug|Any CPU
		{B6CD8F64-AF52-4C29-931A-FC7BB2323E7A}.Debug|Any CPU.Build.0 = Debug|Any CPU
		{B6CD8F64-AF52-4C29-931A-FC7BB2323E7A}.Debug|x64.ActiveCfg = Debug|Any CPU
		{B6CD8F64-AF52-4C29-931A-FC7BB2323E7A}.Debug|x64.Build.0 = Debug|Any CPU
		{B6CD8F64-AF52-4C29-931A-FC7BB2323E7A}.Debug|x86.ActiveCfg = Debug|Any CPU
		{B6CD8F64-AF52-4C29-931A-FC7BB2323E7A}.Debug|x86.Build.0 = Debug|Any CPU
		{B6CD8F64-AF52-4C29-931A-FC7BB2323E7A}.Release|Any CPU.ActiveCfg = Release|Any CPU
		{B6CD8F64-AF52-4C29-931A-FC7BB2323E7A}.Release|Any CPU.Build.0 = Release|Any CPU
		{B6CD8F64-AF52-4C29-931A-FC7BB2323E7A}.Release|x64.ActiveCfg = Release|Any CPU
		{B6CD8F64-AF52-4C29-931A-FC7BB2323E7A}.Release|x64.Build.0 = Release|Any CPU
		{B6CD8F64-AF52-4C29-931A-FC7BB2323E7A}.Release|x86.ActiveCfg = Release|Any CPU
		{B6CD8F64-AF52-4C29-931A-FC7BB2323E7A}.Release|x86.Build.0 = Release|Any CPU
		{E996DDC3-F337-459F-AEBB-1A03391701C8}.Debug|Any CPU.ActiveCfg = Debug|Any CPU
		{E996DDC3-F337-459F-AEBB-1A03391701C8}.Debug|Any CPU.Build.0 = Debug|Any CPU
		{E996DDC3-F337-459F-AEBB-1A03391701C8}.Debug|x64.ActiveCfg = Debug|Any CPU
		{E996DDC3-F337-459F-AEBB-1A03391701C8}.Debug|x64.Build.0 = Debug|Any CPU
		{E996DDC3-F337-459F-AEBB-1A03391701C8}.Debug|x86.ActiveCfg = Debug|Any CPU
		{E996DDC3-F337-459F-AEBB-1A03391701C8}.Debug|x86.Build.0 = Debug|Any CPU
		{E996DDC3-F337-459F-AEBB-1A03391701C8}.Release|Any CPU.ActiveCfg = Release|Any CPU
		{E996DDC3-F337-459F-AEBB-1A03391701C8}.Release|Any CPU.Build.0 = Release|Any CPU
		{E996DDC3-F337-459F-AEBB-1A03391701C8}.Release|x64.ActiveCfg = Release|Any CPU
		{E996DDC3-F337-459F-AEBB-1A03391701C8}.Release|x64.Build.0 = Release|Any CPU
		{E996DDC3-F337-459F-AEBB-1A03391701C8}.Release|x86.ActiveCfg = Release|Any CPU
		{E996DDC3-F337-459F-AEBB-1A03391701C8}.Release|x86.Build.0 = Release|Any CPU
		{3E470307-3509-4A4C-8C80-2D38CD7A16B9}.Debug|Any CPU.ActiveCfg = Debug|Any CPU
		{3E470307-3509-4A4C-8C80-2D38CD7A16B9}.Debug|Any CPU.Build.0 = Debug|Any CPU
		{3E470307-3509-4A4C-8C80-2D38CD7A16B9}.Debug|x64.ActiveCfg = Debug|Any CPU
		{3E470307-3509-4A4C-8C80-2D38CD7A16B9}.Debug|x64.Build.0 = Debug|Any CPU
		{3E470307-3509-4A4C-8C80-2D38CD7A16B9}.Debug|x86.ActiveCfg = Debug|Any CPU
		{3E470307-3509-4A4C-8C80-2D38CD7A16B9}.Debug|x86.Build.0 = Debug|Any CPU
		{3E470307-3509-4A4C-8C80-2D38CD7A16B9}.Release|Any CPU.ActiveCfg = Release|Any CPU
		{3E470307-3509-4A4C-8C80-2D38CD7A16B9}.Release|Any CPU.Build.0 = Release|Any CPU
		{3E470307-3509-4A4C-8C80-2D38CD7A16B9}.Release|x64.ActiveCfg = Release|Any CPU
		{3E470307-3509-4A4C-8C80-2D38CD7A16B9}.Release|x64.Build.0 = Release|Any CPU
		{3E470307-3509-4A4C-8C80-2D38CD7A16B9}.Release|x86.ActiveCfg = Release|Any CPU
		{3E470307-3509-4A4C-8C80-2D38CD7A16B9}.Release|x86.Build.0 = Release|Any CPU
	EndGlobalSection
EndGlobal
